
Microsoft Visual Studio Solution File, Format Version 12.00
# Visual Studio Version 16
VisualStudioVersion = 16.0.30523.141
MinimumVisualStudioVersion = 10.0.40219.1
Project("{9A19103F-16F7-4668-BE54-9A1E7A4F7556}") = "FurnitureDetailsAPI", "FurnitureDetailsAPI\FurnitureDetailsAPI.csproj", "{79C8FE96-A27E-437D-A96A-1FEDAD12A405}"
EndProject
Project("{FAE04EC0-301F-11D3-BF4B-00C04F79EFBC}") = "FurnitureDetailsTesting", "FurnitureDetailsTesting\FurnitureDetailsTesting.csproj", "{AF6AD7A2-9838-4F85-9E2E-DEDDD79713B1}"
EndProject
Global
	GlobalSection(SolutionConfigurationPlatforms) = preSolution
		Debug|Any CPU = Debug|Any CPU
		Release|Any CPU = Release|Any CPU
	EndGlobalSection
	GlobalSection(ProjectConfigurationPlatforms) = postSolution
		{79C8FE96-A27E-437D-A96A-1FEDAD12A405}.Debug|Any CPU.ActiveCfg = Debug|Any CPU
		{79C8FE96-A27E-437D-A96A-1FEDAD12A405}.Debug|Any CPU.Build.0 = Debug|Any CPU
		{79C8FE96-A27E-437D-A96A-1FEDAD12A405}.Release|Any CPU.ActiveCfg = Release|Any CPU
		{79C8FE96-A27E-437D-A96A-1FEDAD12A405}.Release|Any CPU.Build.0 = Release|Any CPU
		{AF6AD7A2-9838-4F85-9E2E-DEDDD79713B1}.Debug|Any CPU.ActiveCfg = Debug|Any CPU
		{AF6AD7A2-9838-4F85-9E2E-DEDDD79713B1}.Debug|Any CPU.Build.0 = Debug|Any CPU
		{AF6AD7A2-9838-4F85-9E2E-DEDDD79713B1}.Release|Any CPU.ActiveCfg = Release|Any CPU
		{AF6AD7A2-9838-4F85-9E2E-DEDDD79713B1}.Release|Any CPU.Build.0 = Release|Any CPU
	EndGlobalSection
	GlobalSection(SolutionProperties) = preSolution
		HideSolutionNode = FALSE
	EndGlobalSection
	GlobalSection(ExtensibilityGlobals) = postSolution
		SolutionGuid = {0BFA938C-F91C-466D-AF69-197E0D5EF1EE}
	EndGlobalSection
EndGlobal
