
Microsoft Visual Studio Solution File, Format Version 12.00
# Visual Studio Version 16
VisualStudioVersion = 16.0.30523.141
MinimumVisualStudioVersion = 10.0.40219.1
Project("{FAE04EC0-301F-11D3-BF4B-00C04F79EFBC}") = "FurnitureRentingClientMVC", "FurnitureRentingClientMVC\FurnitureRentingClientMVC.csproj", "{546814AC-D4C0-40D8-8063-D1CA321DCB57}"
EndProject
Global
	GlobalSection(SolutionConfigurationPlatforms) = preSolution
		Debug|Any CPU = Debug|Any CPU
		Release|Any CPU = Release|Any CPU
	EndGlobalSection
	GlobalSection(ProjectConfigurationPlatforms) = postSolution
		{546814AC-D4C0-40D8-8063-D1CA321DCB57}.Debug|Any CPU.ActiveCfg = Debug|Any CPU
		{546814AC-D4C0-40D8-8063-D1CA321DCB57}.Debug|Any CPU.Build.0 = Debug|Any CPU
		{546814AC-D4C0-40D8-8063-D1CA321DCB57}.Release|Any CPU.ActiveCfg = Release|Any CPU
		{546814AC-D4C0-40D8-8063-D1CA321DCB57}.Release|Any CPU.Build.0 = Release|Any CPU
	EndGlobalSection
	GlobalSection(SolutionProperties) = preSolution
		HideSolutionNode = FALSE
	EndGlobalSection
	GlobalSection(ExtensibilityGlobals) = postSolution
		SolutionGuid = {903E828C-ED2C-447A-93E4-48856D661EB0}
	EndGlobalSection
EndGlobal
